
Microsoft Visual Studio Solution File, Format Version 12.00
# Visual Studio 15
VisualStudioVersion = 15.0.28010.2046
MinimumVisualStudioVersion = 10.0.40219.1
Project("{FAE04EC0-301F-11D3-BF4B-00C04F79EFBC}") = "InventoryApp", "InventoryApp\InventoryApp.csproj", "{ECADAD4E-4BE6-4CE7-B6EC-5AF84F1F7097}"
EndProject
Global
	GlobalSection(SolutionConfigurationPlatforms) = preSolution
		Debug|Any CPU = Debug|Any CPU
		Release|Any CPU = Release|Any CPU
	EndGlobalSection
	GlobalSection(ProjectConfigurationPlatforms) = postSolution
		{ECADAD4E-4BE6-4CE7-B6EC-5AF84F1F7097}.Debug|Any CPU.ActiveCfg = Debug|Any CPU
		{ECADAD4E-4BE6-4CE7-B6EC-5AF84F1F7097}.Debug|Any CPU.Build.0 = Debug|Any CPU
		{ECADAD4E-4BE6-4CE7-B6EC-5AF84F1F7097}.Release|Any CPU.ActiveCfg = Release|Any CPU
		{ECADAD4E-4BE6-4CE7-B6EC-5AF84F1F7097}.Release|Any CPU.Build.0 = Release|Any CPU
	EndGlobalSection
	GlobalSection(SolutionProperties) = preSolution
		HideSolutionNode = FALSE
	EndGlobalSection
	GlobalSection(ExtensibilityGlobals) = postSolution
		SolutionGuid = {30460AA5-3A01-4556-9883-2262BD64C635}
	EndGlobalSection
EndGlobal
